
Microsoft Visual Studio Solution File, Format Version 12.00
# Visual Studio Version 17
VisualStudioVersion = 17.14.36511.14 d17.14
MinimumVisualStudioVersion = 10.0.40219.1
Project("{FAE04EC0-301F-11D3-BF4B-00C04F79EFBC}") = "TestAutotestesEcosystemSwagger", "TestAutotestesEcosystemSwagger.csproj", "{39DE3257-3463-FE98-5FF9-D29857F2E20D}"
EndProject
Global
	GlobalSection(SolutionConfigurationPlatforms) = preSolution
		Debug|Any CPU = Debug|Any CPU
		Release|Any CPU = Release|Any CPU
	EndGlobalSection
	GlobalSection(ProjectConfigurationPlatforms) = postSolution
		{39DE3257-3463-FE98-5FF9-D29857F2E20D}.Debug|Any CPU.ActiveCfg = Debug|Any CPU
		{39DE3257-3463-FE98-5FF9-D29857F2E20D}.Debug|Any CPU.Build.0 = Debug|Any CPU
		{39DE3257-3463-FE98-5FF9-D29857F2E20D}.Release|Any CPU.ActiveCfg = Release|Any CPU
		{39DE3257-3463-FE98-5FF9-D29857F2E20D}.Release|Any CPU.Build.0 = Release|Any CPU
	EndGlobalSection
	GlobalSection(SolutionProperties) = preSolution
		HideSolutionNode = FALSE
	EndGlobalSection
	GlobalSection(ExtensibilityGlobals) = postSolution
		SolutionGuid = {E299D5B5-E4AE-42EF-AA50-7E1AA3665105}
	EndGlobalSection
EndGlobal
