
Microsoft Visual Studio Solution File, Format Version 12.00
# Visual Studio Version 17
VisualStudioVersion = 17.14.36518.9 d17.14
MinimumVisualStudioVersion = 10.0.40219.1
Project("{FAE04EC0-301F-11D3-BF4B-00C04F79EFBC}") = "TestAutotestesEcosystem", "TestAutotestesEcosystem.csproj", "{EE2EA344-9BD4-57EC-9665-92B96D080DCB}"
EndProject
Global
	GlobalSection(SolutionConfigurationPlatforms) = preSolution
		Debug|Any CPU = Debug|Any CPU
		Release|Any CPU = Release|Any CPU
	EndGlobalSection
	GlobalSection(ProjectConfigurationPlatforms) = postSolution
		{EE2EA344-9BD4-57EC-9665-92B96D080DCB}.Debug|Any CPU.ActiveCfg = Debug|Any CPU
		{EE2EA344-9BD4-57EC-9665-92B96D080DCB}.Debug|Any CPU.Build.0 = Debug|Any CPU
		{EE2EA344-9BD4-57EC-9665-92B96D080DCB}.Release|Any CPU.ActiveCfg = Release|Any CPU
		{EE2EA344-9BD4-57EC-9665-92B96D080DCB}.Release|Any CPU.Build.0 = Release|Any CPU
	EndGlobalSection
	GlobalSection(SolutionProperties) = preSolution
		HideSolutionNode = FALSE
	EndGlobalSection
	GlobalSection(ExtensibilityGlobals) = postSolution
		SolutionGuid = {ACB36895-C46A-4DA7-A778-2365533DF8D0}
	EndGlobalSection
EndGlobal
